
Microsoft Visual Studio Solution File, Format Version 12.00
# Visual Studio Version 17
VisualStudioVersion = 17.3.32901.215
MinimumVisualStudioVersion = 10.0.40219.1
Project("{FAE04EC0-301F-11D3-BF4B-00C04F79EFBC}") = "L5_2JFAE1070022S8", "L5_2JFAE1070022S8\L5_2JFAE1070022S8.csproj", "{263C74D1-8798-4DFB-B9F9-D34F53E90B09}"
EndProject
Global
	GlobalSection(SolutionConfigurationPlatforms) = preSolution
		Debug|Any CPU = Debug|Any CPU
		Release|Any CPU = Release|Any CPU
	EndGlobalSection
	GlobalSection(ProjectConfigurationPlatforms) = postSolution
		{263C74D1-8798-4DFB-B9F9-D34F53E90B09}.Debug|Any CPU.ActiveCfg = Debug|Any CPU
		{263C74D1-8798-4DFB-B9F9-D34F53E90B09}.Debug|Any CPU.Build.0 = Debug|Any CPU
		{263C74D1-8798-4DFB-B9F9-D34F53E90B09}.Release|Any CPU.ActiveCfg = Release|Any CPU
		{263C74D1-8798-4DFB-B9F9-D34F53E90B09}.Release|Any CPU.Build.0 = Release|Any CPU
	EndGlobalSection
	GlobalSection(SolutionProperties) = preSolution
		HideSolutionNode = FALSE
	EndGlobalSection
	GlobalSection(ExtensibilityGlobals) = postSolution
		SolutionGuid = {F19C15D0-4A21-4757-8E78-976DC15F00C9}
	EndGlobalSection
EndGlobal
